<?xml version="1.0" encoding="utf-8"?>
<Project ToolsVersion="4.0" xmlns="http://schemas.microsoft.com/developer/msbuild/2003">
  <ItemGroup>
    <Filter Include="Header Files">
      <UniqueIdentifier>{93995380-89BD-4b04-88EB-625FBE52EBFB}</UniqueIdentifier>
      <Extensions>h;hpp;hxx;hm;inl;inc;xsd</Extensions>
    </Filter>
    <Filter Include="Header Files\Components">
      <UniqueIdentifier>{b5188e64-87b3-43da-a080-31b3c2cab23c}</UniqueIdentifier>
    </Filter>
    <Filter Include="Header Files\States">
      <UniqueIdentifier>{e63cfeec-17bc-454b-9d7b-1f180961e67e}</UniqueIdentifier>
    </Filter>
    <Filter Include="Header Files\Other">
      <UniqueIdentifier>{c6cc393c-1164-41ae-9417-b5c095d2d00d}</UniqueIdentifier>
    </Filter>
    <Filter Include="pugixml">
      <UniqueIdentifier>{3d9b5db1-6786-4b46-bc5f-3fc58dfde0f5}</UniqueIdentifier>
    </Filter>
    <Filter Include="Source Files">
      <UniqueIdentifier>{4FC737F1-C7A5-4376-A066-2A32D752A2FF}</UniqueIdentifier>
      <Extensions>cpp;c;cc;cxx;def;odl;idl;hpj;bat;asm;asmx</Extensions>
    </Filter>
    <Filter Include="Source Files\Components">
      <UniqueIdentifier>{7b432b2e-623c-4130-af36-afe34c51954a}</UniqueIdentifier>
    </Filter>
    <Filter Include="Source Files\States">
      <UniqueIdentifier>{07eb11d9-5b4e-4d89-9445-09dbe5f7c8f5}</UniqueIdentifier>
    </Filter>
    <Filter Include="Source Files\Other">
      <UniqueIdentifier>{a3fc578f-9f66-45f5-a08b-dac4cfdea726}</UniqueIdentifier>
    </Filter>
  </ItemGroup>
  <ItemGroup>
    <ClInclude Include="..\src\Camera.h">
      <Filter>Header Files</Filter>
    </ClInclude>
    <ClInclude Include="..\src\Component.h">
      <Filter>Header Files</Filter>
    </ClInclude>
    <ClInclude Include="..\src\Configuration.h">
      <Filter>Header Files</Filter>
    </ClInclude>
    <ClInclude Include="..\src\Entity.h">
      <Filter>Header Files</Filter>
    </ClInclude>
    <ClInclude Include="..\src\Event.h">
      <Filter>Header Files</Filter>
    </ClInclude>
    <ClInclude Include="..\src\Font.h">
      <Filter>Header Files</Filter>
    </ClInclude>
    <ClInclude Include="..\src\GameApp.h">
      <Filter>Header Files</Filter>
    </ClInclude>
    <ClInclude Include="..\src\GameEvents.h">
      <Filter>Header Files</Filter>
    </ClInclude>
    <ClInclude Include="..\src\GameStates.h">
      <Filter>Header Files</Filter>
    </ClInclude>
    <ClInclude Include="..\src\GUI.h">
      <Filter>Header Files</Filter>
    </ClInclude>
    <ClInclude Include="..\src\Input.h">
      <Filter>Header Files</Filter>
    </ClInclude>
    <ClInclude Include="..\src\main.h">
      <Filter>Header Files</Filter>
    </ClInclude>
    <ClInclude Include="..\src\Physics.h">
      <Filter>Header Files</Filter>
    </ClInclude>
    <ClInclude Include="..\src\Renderer.h">
      <Filter>Header Files</Filter>
    </ClInclude>
    <ClInclude Include="..\src\Sound.h">
      <Filter>Header Files</Filter>
    </ClInclude>
    <ClInclude Include="..\src\Texture.h">
      <Filter>Header Files</Filter>
    </ClInclude>
    <ClInclude Include="..\src\World.h">
      <Filter>Header Files</Filter>
    </ClInclude>
    <ClInclude Include="..\src\XmlLoader.h">
      <Filter>Header Files</Filter>
    </ClInclude>
    <ClInclude Include="..\src\components\CompGravField.h">
      <Filter>Header Files\Components</Filter>
    </ClInclude>
    <ClInclude Include="..\src\components\CompPhysics.h">
      <Filter>Header Files\Components</Filter>
    </ClInclude>
    <ClInclude Include="..\src\components\CompPlayerController.h">
      <Filter>Header Files\Components</Filter>
    </ClInclude>
    <ClInclude Include="..\src\components\CompPosition.h">
      <Filter>Header Files\Components</Filter>
    </ClInclude>
    <ClInclude Include="..\src\components\CompTrigger.h">
      <Filter>Header Files\Components</Filter>
    </ClInclude>
    <ClInclude Include="..\src\components\CompTrigger_Conditions.h">
      <Filter>Header Files\Components</Filter>
    </ClInclude>
    <ClInclude Include="..\src\components\CompTrigger_Effects.h">
      <Filter>Header Files\Components</Filter>
    </ClInclude>
    <ClInclude Include="..\src\components\CompVisualAnimation.h">
      <Filter>Header Files\Components</Filter>
    </ClInclude>
    <ClInclude Include="..\src\components\CompVisualMessage.h">
      <Filter>Header Files\Components</Filter>
    </ClInclude>
    <ClInclude Include="..\src\components\CompVisualTexture.h">
      <Filter>Header Files\Components</Filter>
    </ClInclude>
    <ClInclude Include="..\src\states\EditorState.h">
      <Filter>Header Files\States</Filter>
    </ClInclude>
    <ClInclude Include="..\src\states\GameOverState.h">
      <Filter>Header Files\States</Filter>
    </ClInclude>
    <ClInclude Include="..\src\states\MainMenuState.h">
      <Filter>Header Files\States</Filter>
    </ClInclude>
    <ClInclude Include="..\src\states\PlayingState.h">
      <Filter>Header Files\States</Filter>
    </ClInclude>
    <ClInclude Include="..\src\states\SlideShowState.h">
      <Filter>Header Files\States</Filter>
    </ClInclude>
    <ClInclude Include="..\src\Exception.h">
      <Filter>Header Files\Other</Filter>
    </ClInclude>
    <ClInclude Include="..\src\GNU_config.h">
      <Filter>Header Files\Other</Filter>
    </ClInclude>
    <ClInclude Include="..\src\Logger.h">
      <Filter>Header Files\Other</Filter>
    </ClInclude>
    <ClInclude Include="..\src\Vector2D.h">
      <Filter>Header Files\Other</Filter>
    </ClInclude>
    <ClInclude Include="..\src\contrib\pugixml\pugixml.hpp">
      <Filter>pugixml</Filter>
    </ClInclude>
    <ClInclude Include="..\src\contrib\pugixml\pugiconfig.hpp">
      <Filter>pugixml</Filter>
    </ClInclude>
    <ClInclude Include="..\src\contrib\pugixml\foreach.hpp">
      <Filter>pugixml</Filter>
    </ClInclude>
    <ClInclude Include="..\src\components\CompShape.h">
      <Filter>Header Files\Components</Filter>
    </ClInclude>
  </ItemGroup>
  <ItemGroup>
    <ClCompile Include="..\src\Camera.cpp">
      <Filter>Source Files</Filter>
    </ClCompile>
    <ClCompile Include="..\src\Component.cpp">
      <Filter>Source Files</Filter>
    </ClCompile>
    <ClCompile Include="..\src\Configuration.cpp">
      <Filter>Source Files</Filter>
    </ClCompile>
    <ClCompile Include="..\src\Entity.cpp">
      <Filter>Source Files</Filter>
    </ClCompile>
    <ClCompile Include="..\src\Font.cpp">
      <Filter>Source Files</Filter>
    </ClCompile>
    <ClCompile Include="..\src\GameApp.cpp">
      <Filter>Source Files</Filter>
    </ClCompile>
    <ClCompile Include="..\src\GameStates.cpp">
      <Filter>Source Files</Filter>
    </ClCompile>
    <ClCompile Include="..\src\GUI.cpp">
      <Filter>Source Files</Filter>
    </ClCompile>
    <ClCompile Include="..\src\Init.cpp">
      <Filter>Source Files</Filter>
    </ClCompile>
    <ClCompile Include="..\src\Input.cpp">
      <Filter>Source Files</Filter>
    </ClCompile>
    <ClCompile Include="..\src\main.cpp">
      <Filter>Source Files</Filter>
    </ClCompile>
    <ClCompile Include="..\src\Physics.cpp">
      <Filter>Source Files</Filter>
    </ClCompile>
    <ClCompile Include="..\src\Renderer.cpp">
      <Filter>Source Files</Filter>
    </ClCompile>
    <ClCompile Include="..\src\Sound.cpp">
      <Filter>Source Files</Filter>
    </ClCompile>
    <ClCompile Include="..\src\Texture.cpp">
      <Filter>Source Files</Filter>
    </ClCompile>
    <ClCompile Include="..\src\World.cpp">
      <Filter>Source Files</Filter>
    </ClCompile>
    <ClCompile Include="..\src\XmlLoader.cpp">
      <Filter>Source Files</Filter>
    </ClCompile>
    <ClCompile Include="..\src\components\CompGravField.cpp">
      <Filter>Source Files\Components</Filter>
    </ClCompile>
    <ClCompile Include="..\src\components\CompPhysics.cpp">
      <Filter>Source Files\Components</Filter>
    </ClCompile>
    <ClCompile Include="..\src\components\CompPlayerController.cpp">
      <Filter>Source Files\Components</Filter>
    </ClCompile>
    <ClCompile Include="..\src\components\CompPosition.cpp">
      <Filter>Source Files\Components</Filter>
    </ClCompile>
    <ClCompile Include="..\src\components\CompTrigger.cpp">
      <Filter>Source Files\Components</Filter>
    </ClCompile>
    <ClCompile Include="..\src\components\CompTrigger_Conditions.cpp">
      <Filter>Source Files\Components</Filter>
    </ClCompile>
    <ClCompile Include="..\src\components\CompTrigger_Effects.cpp">
      <Filter>Source Files\Components</Filter>
    </ClCompile>
    <ClCompile Include="..\src\components\CompVisualAnimation.cpp">
      <Filter>Source Files\Components</Filter>
    </ClCompile>
    <ClCompile Include="..\src\components\CompVisualMessage.cpp">
      <Filter>Source Files\Components</Filter>
    </ClCompile>
    <ClCompile Include="..\src\components\CompVisualTexture.cpp">
      <Filter>Source Files\Components</Filter>
    </ClCompile>
    <ClCompile Include="..\src\states\EditorState.cpp">
      <Filter>Source Files\States</Filter>
    </ClCompile>
    <ClCompile Include="..\src\states\GameOverState.cpp">
      <Filter>Source Files\States</Filter>
    </ClCompile>
    <ClCompile Include="..\src\states\MainMenuState.cpp">
      <Filter>Source Files\States</Filter>
    </ClCompile>
    <ClCompile Include="..\src\states\PlayingState.cpp">
      <Filter>Source Files\States</Filter>
    </ClCompile>
    <ClCompile Include="..\src\states\SlideShowState.cpp">
      <Filter>Source Files\States</Filter>
    </ClCompile>
    <ClCompile Include="..\src\Logger.cpp">
      <Filter>Source Files\Other</Filter>
    </ClCompile>
    <ClCompile Include="..\src\OsMsgBox.cpp">
      <Filter>Source Files\Other</Filter>
    </ClCompile>
    <ClCompile Include="..\src\Vector2D.cpp">
      <Filter>Source Files\Other</Filter>
    </ClCompile>
    <ClCompile Include="..\src\contrib\pugixml\pugixml.cpp">
      <Filter>pugixml</Filter>
    </ClCompile>
    <ClCompile Include="..\src\Event.cpp">
      <Filter>Source Files</Filter>
    </ClCompile>
    <ClCompile Include="..\src\components\CompShape.cpp">
      <Filter>Source Files\Components</Filter>
    </ClCompile>
  </ItemGroup>
  <ItemGroup>
    <None Include="..\bin\AstroAttack.log" />
    <None Include="..\data\config.xml" />
    <None Include="..\src\Events.txt" />
    <None Include="..\data\graphics.xml" />
    <None Include="..\data\graphicsMenu.xml" />
    <None Include="..\data\levelSequence.xml" />
    <None Include="..\data\player.xml" />
    <None Include="..\data\templates.xml" />
    <None Include="..\TODO.txt" />
    <None Include="..\src\Makefile.am" />
    <None Include="..\src\Makefile.in" />
  </ItemGroup>
</Project>