<?xml version="1.0" encoding="utf-8"?>
<Project ToolsVersion="4.0" xmlns="http://schemas.microsoft.com/developer/msbuild/2003">
  <ItemGroup>
    <Filter Include="pugixml">
      <UniqueIdentifier>{3d9b5db1-6786-4b46-bc5f-3fc58dfde0f5}</UniqueIdentifier>
    </Filter>
    <Filter Include="Common Source">
      <UniqueIdentifier>{93995380-89BD-4b04-88EB-625FBE52EBFB}</UniqueIdentifier>
      <Extensions>h;hpp;hxx;hm;inl;inc;xsd</Extensions>
    </Filter>
    <Filter Include="Common Source\Components">
      <UniqueIdentifier>{b5188e64-87b3-43da-a080-31b3c2cab23c}</UniqueIdentifier>
    </Filter>
    <Filter Include="Game Source">
      <UniqueIdentifier>{49c1f142-656b-4a74-8758-f1d41c0068dc}</UniqueIdentifier>
    </Filter>
    <Filter Include="Game Source\States">
      <UniqueIdentifier>{3382528b-9bf8-42dd-ab0e-dbc6180a82cb}</UniqueIdentifier>
    </Filter>
    <Filter Include="Levels">
      <UniqueIdentifier>{c48f1d1b-2a43-4860-855a-8d03d2846ed3}</UniqueIdentifier>
    </Filter>
  </ItemGroup>
  <ItemGroup>
    <ClInclude Include="..\src\contrib\pugixml\pugixml.hpp">
      <Filter>pugixml</Filter>
    </ClInclude>
    <ClInclude Include="..\src\contrib\pugixml\pugiconfig.hpp">
      <Filter>pugixml</Filter>
    </ClInclude>
    <ClInclude Include="..\src\contrib\pugixml\foreach.hpp">
      <Filter>pugixml</Filter>
    </ClInclude>
    <ClInclude Include="..\src\common\CameraController.h">
      <Filter>Common Source</Filter>
    </ClInclude>
    <ClInclude Include="..\src\common\Component.h">
      <Filter>Common Source</Filter>
    </ClInclude>
    <ClInclude Include="..\src\common\ComponentManager.h">
      <Filter>Common Source</Filter>
    </ClInclude>
    <ClInclude Include="..\src\common\DataLoader.h">
      <Filter>Common Source</Filter>
    </ClInclude>
    <ClInclude Include="..\src\common\Event.h">
      <Filter>Common Source</Filter>
    </ClInclude>
    <ClInclude Include="..\src\common\Exception.h">
      <Filter>Common Source</Filter>
    </ClInclude>
    <ClInclude Include="..\src\common\Font.h">
      <Filter>Common Source</Filter>
    </ClInclude>
    <ClInclude Include="..\src\common\Foreach.h">
      <Filter>Common Source</Filter>
    </ClInclude>
    <ClInclude Include="..\src\common\GameEvents.h">
      <Filter>Common Source</Filter>
    </ClInclude>
    <ClInclude Include="..\src\common\IdTypes.h">
      <Filter>Common Source</Filter>
    </ClInclude>
    <ClInclude Include="..\src\common\Logger.h">
      <Filter>Common Source</Filter>
    </ClInclude>
    <ClInclude Include="..\src\common\Physics.h">
      <Filter>Common Source</Filter>
    </ClInclude>
    <ClInclude Include="..\src\common\Renderer.h">
      <Filter>Common Source</Filter>
    </ClInclude>
    <ClInclude Include="..\src\common\Sound.h">
      <Filter>Common Source</Filter>
    </ClInclude>
    <ClInclude Include="..\src\common\Texture.h">
      <Filter>Common Source</Filter>
    </ClInclude>
    <ClInclude Include="..\src\common\Vector2D.h">
      <Filter>Common Source</Filter>
    </ClInclude>
    <ClInclude Include="..\src\common\World.h">
      <Filter>Common Source</Filter>
    </ClInclude>
    <ClInclude Include="..\src\common\components\CompGravField.h">
      <Filter>Common Source\Components</Filter>
    </ClInclude>
    <ClInclude Include="..\src\common\components\CompPhysics.h">
      <Filter>Common Source\Components</Filter>
    </ClInclude>
    <ClInclude Include="..\src\common\components\CompPlayerController.h">
      <Filter>Common Source\Components</Filter>
    </ClInclude>
    <ClInclude Include="..\src\common\components\CompPosition.h">
      <Filter>Common Source\Components</Filter>
    </ClInclude>
    <ClInclude Include="..\src\common\components\CompShape.h">
      <Filter>Common Source\Components</Filter>
    </ClInclude>
    <ClInclude Include="..\src\common\components\CompTrigger.h">
      <Filter>Common Source\Components</Filter>
    </ClInclude>
    <ClInclude Include="..\src\common\components\CompTrigger_Conditions.h">
      <Filter>Common Source\Components</Filter>
    </ClInclude>
    <ClInclude Include="..\src\common\components\CompTrigger_Effects.h">
      <Filter>Common Source\Components</Filter>
    </ClInclude>
    <ClInclude Include="..\src\common\components\CompVisualAnimation.h">
      <Filter>Common Source\Components</Filter>
    </ClInclude>
    <ClInclude Include="..\src\common\components\CompVisualMessage.h">
      <Filter>Common Source\Components</Filter>
    </ClInclude>
    <ClInclude Include="..\src\common\components\CompVisualTexture.h">
      <Filter>Common Source\Components</Filter>
    </ClInclude>
    <ClInclude Include="..\src\game\Configuration.h">
      <Filter>Game Source</Filter>
    </ClInclude>
    <ClInclude Include="..\src\game\GameApp.h">
      <Filter>Game Source</Filter>
    </ClInclude>
    <ClInclude Include="..\src\game\GameState.h">
      <Filter>Game Source</Filter>
    </ClInclude>
    <ClInclude Include="..\src\game\Gui.h">
      <Filter>Game Source</Filter>
    </ClInclude>
    <ClInclude Include="..\src\game\Input.h">
      <Filter>Game Source</Filter>
    </ClInclude>
    <ClInclude Include="..\src\game\InputCameraController.h">
      <Filter>Game Source</Filter>
    </ClInclude>
    <ClInclude Include="..\src\game\main.h">
      <Filter>Game Source</Filter>
    </ClInclude>
    <ClInclude Include="..\src\game\PlayerController.h">
      <Filter>Game Source</Filter>
    </ClInclude>
    <ClInclude Include="..\src\game\states\GameOverState.h">
      <Filter>Game Source\States</Filter>
    </ClInclude>
    <ClInclude Include="..\src\game\states\MainMenuState.h">
      <Filter>Game Source\States</Filter>
    </ClInclude>
    <ClInclude Include="..\src\game\states\PlayingState.h">
      <Filter>Game Source\States</Filter>
    </ClInclude>
    <ClInclude Include="..\src\game\states\SlideShowState.h">
      <Filter>Game Source\States</Filter>
    </ClInclude>
  </ItemGroup>
  <ItemGroup>
    <ClCompile Include="..\src\contrib\pugixml\pugixml.cpp">
      <Filter>pugixml</Filter>
    </ClCompile>
    <ClCompile Include="..\src\common\CameraController.cpp">
      <Filter>Common Source</Filter>
    </ClCompile>
    <ClCompile Include="..\src\common\Component.cpp">
      <Filter>Common Source</Filter>
    </ClCompile>
    <ClCompile Include="..\src\common\ComponentManager.cpp">
      <Filter>Common Source</Filter>
    </ClCompile>
    <ClCompile Include="..\src\common\DataLoader.cpp">
      <Filter>Common Source</Filter>
    </ClCompile>
    <ClCompile Include="..\src\common\Event.cpp">
      <Filter>Common Source</Filter>
    </ClCompile>
    <ClCompile Include="..\src\common\Font.cpp">
      <Filter>Common Source</Filter>
    </ClCompile>
    <ClCompile Include="..\src\common\Logger.cpp">
      <Filter>Common Source</Filter>
    </ClCompile>
    <ClCompile Include="..\src\common\Physics.cpp">
      <Filter>Common Source</Filter>
    </ClCompile>
    <ClCompile Include="..\src\common\Renderer.cpp">
      <Filter>Common Source</Filter>
    </ClCompile>
    <ClCompile Include="..\src\common\Sound.cpp">
      <Filter>Common Source</Filter>
    </ClCompile>
    <ClCompile Include="..\src\common\Texture.cpp">
      <Filter>Common Source</Filter>
    </ClCompile>
    <ClCompile Include="..\src\common\Vector2D.cpp">
      <Filter>Common Source</Filter>
    </ClCompile>
    <ClCompile Include="..\src\common\World.cpp">
      <Filter>Common Source</Filter>
    </ClCompile>
    <ClCompile Include="..\src\common\components\CompGravField.cpp">
      <Filter>Common Source\Components</Filter>
    </ClCompile>
    <ClCompile Include="..\src\common\components\CompPhysics.cpp">
      <Filter>Common Source\Components</Filter>
    </ClCompile>
    <ClCompile Include="..\src\common\components\CompPlayerController.cpp">
      <Filter>Common Source\Components</Filter>
    </ClCompile>
    <ClCompile Include="..\src\common\components\CompPosition.cpp">
      <Filter>Common Source\Components</Filter>
    </ClCompile>
    <ClCompile Include="..\src\common\components\CompShape.cpp">
      <Filter>Common Source\Components</Filter>
    </ClCompile>
    <ClCompile Include="..\src\common\components\CompTrigger.cpp">
      <Filter>Common Source\Components</Filter>
    </ClCompile>
    <ClCompile Include="..\src\common\components\CompTrigger_Conditions.cpp">
      <Filter>Common Source\Components</Filter>
    </ClCompile>
    <ClCompile Include="..\src\common\components\CompTrigger_Effects.cpp">
      <Filter>Common Source\Components</Filter>
    </ClCompile>
    <ClCompile Include="..\src\common\components\CompVisualAnimation.cpp">
      <Filter>Common Source\Components</Filter>
    </ClCompile>
    <ClCompile Include="..\src\common\components\CompVisualMessage.cpp">
      <Filter>Common Source\Components</Filter>
    </ClCompile>
    <ClCompile Include="..\src\common\components\CompVisualTexture.cpp">
      <Filter>Common Source\Components</Filter>
    </ClCompile>
    <ClCompile Include="..\src\game\Configuration.cpp">
      <Filter>Game Source</Filter>
    </ClCompile>
    <ClCompile Include="..\src\game\GameApp.cpp">
      <Filter>Game Source</Filter>
    </ClCompile>
    <ClCompile Include="..\src\game\GameState.cpp">
      <Filter>Game Source</Filter>
    </ClCompile>
    <ClCompile Include="..\src\game\Gui.cpp">
      <Filter>Game Source</Filter>
    </ClCompile>
    <ClCompile Include="..\src\game\Input.cpp">
      <Filter>Game Source</Filter>
    </ClCompile>
    <ClCompile Include="..\src\game\InputCameraController.cpp">
      <Filter>Game Source</Filter>
    </ClCompile>
    <ClCompile Include="..\src\game\main.cpp">
      <Filter>Game Source</Filter>
    </ClCompile>
    <ClCompile Include="..\src\game\OsMsgBox.cpp">
      <Filter>Game Source</Filter>
    </ClCompile>
    <ClCompile Include="..\src\game\PlayerController.cpp">
      <Filter>Game Source</Filter>
    </ClCompile>
    <ClCompile Include="..\src\game\states\GameOverState.cpp">
      <Filter>Game Source\States</Filter>
    </ClCompile>
    <ClCompile Include="..\src\game\states\MainMenuState.cpp">
      <Filter>Game Source\States</Filter>
    </ClCompile>
    <ClCompile Include="..\src\game\states\PlayingState.cpp">
      <Filter>Game Source\States</Filter>
    </ClCompile>
    <ClCompile Include="..\src\game\states\SlideShowState.cpp">
      <Filter>Game Source\States</Filter>
    </ClCompile>
    <ClCompile Include="..\src\common\Event_templ.cpp">
      <Filter>Common Source</Filter>
    </ClCompile>
  </ItemGroup>
  <ItemGroup>
    <None Include="..\src\Events.txt" />
    <None Include="..\data\levelSequence.xml" />
    <None Include="..\data\templates.xml" />
    <None Include="..\TODO.txt" />
    <None Include="..\Makefile.am" />
    <None Include="..\data\config.info" />
    <None Include="..\data\graphics.info" />
    <None Include="..\data\graphicsMenu.info" />
    <None Include="..\data\player.info" />
    <None Include="..\configure.in" />
    <None Include="..\AstroAttack.log" />
    <None Include="..\data\Levels\adjacent_problem.info">
      <Filter>Levels</Filter>
    </None>
    <None Include="..\data\Levels\level_editor.info">
      <Filter>Levels</Filter>
    </None>
    <None Include="..\data\Levels\level_grav.info">
      <Filter>Levels</Filter>
    </None>
    <None Include="..\data\Levels\level_new.info">
      <Filter>Levels</Filter>
    </None>
    <None Include="..\data\Levels\level_visita.info">
      <Filter>Levels</Filter>
    </None>
    <None Include="..\data\Levels\level1.info">
      <Filter>Levels</Filter>
    </None>
    <None Include="..\data\Levels\level2.info">
      <Filter>Levels</Filter>
    </None>
    <None Include="..\data\Levels\level3.info">
      <Filter>Levels</Filter>
    </None>
    <None Include="..\AAEditor.log" />
  </ItemGroup>
</Project>